
Microsoft Visual Studio Solution File, Format Version 12.00
# Visual Studio Version 17
VisualStudioVersion = 17.0.31903.59
MinimumVisualStudioVersion = 10.0.40219.1
Project("{FAE04EC0-301F-11D3-BF4B-00C04F79EFBC}") = "GIS", "GIS\GIS.csproj", "{53B5FCF9-BB0E-4194-8485-53F86C94F659}"
EndProject
Project("{FAE04EC0-301F-11D3-BF4B-00C04F79EFBC}") = "GISDemo", "GISDemo\GISDemo.csproj", "{36FAB91C-E0C2-45D8-9D0D-351C04D07F2E}"
EndProject
Global
	GlobalSection(SolutionConfigurationPlatforms) = preSolution
		Debug|Any CPU = Debug|Any CPU
		Release|Any CPU = Release|Any CPU
	EndGlobalSection
	GlobalSection(SolutionProperties) = preSolution
		HideSolutionNode = FALSE
	EndGlobalSection
	GlobalSection(ProjectConfigurationPlatforms) = postSolution
		{53B5FCF9-BB0E-4194-8485-53F86C94F659}.Debug|Any CPU.ActiveCfg = Debug|Any CPU
		{53B5FCF9-BB0E-4194-8485-53F86C94F659}.Debug|Any CPU.Build.0 = Debug|Any CPU
		{53B5FCF9-BB0E-4194-8485-53F86C94F659}.Release|Any CPU.ActiveCfg = Release|Any CPU
		{53B5FCF9-BB0E-4194-8485-53F86C94F659}.Release|Any CPU.Build.0 = Release|Any CPU
		{36FAB91C-E0C2-45D8-9D0D-351C04D07F2E}.Debug|Any CPU.ActiveCfg = Debug|Any CPU
		{36FAB91C-E0C2-45D8-9D0D-351C04D07F2E}.Debug|Any CPU.Build.0 = Debug|Any CPU
		{36FAB91C-E0C2-45D8-9D0D-351C04D07F2E}.Release|Any CPU.ActiveCfg = Release|Any CPU
		{36FAB91C-E0C2-45D8-9D0D-351C04D07F2E}.Release|Any CPU.Build.0 = Release|Any CPU
	EndGlobalSection
EndGlobal
